
Microsoft Visual Studio Solution File, Format Version 12.00
# Visual Studio Version 17
VisualStudioVersion = 17.4.33403.182
MinimumVisualStudioVersion = 10.0.40219.1
Project("{F184B08F-C81C-45F6-A57F-5ABD9991F28F}") = "IPT-31A1-GERODIAZ", "IPT-31A1-GERODIAZ.vbproj", "{D6830A1F-42D0-4664-A9E8-9988CC117FD8}"
EndProject
Global
	GlobalSection(SolutionConfigurationPlatforms) = preSolution
		Debug|Any CPU = Debug|Any CPU
		Release|Any CPU = Release|Any CPU
	EndGlobalSection
	GlobalSection(ProjectConfigurationPlatforms) = postSolution
		{D6830A1F-42D0-4664-A9E8-9988CC117FD8}.Debug|Any CPU.ActiveCfg = Debug|Any CPU
		{D6830A1F-42D0-4664-A9E8-9988CC117FD8}.Debug|Any CPU.Build.0 = Debug|Any CPU
		{D6830A1F-42D0-4664-A9E8-9988CC117FD8}.Release|Any CPU.ActiveCfg = Release|Any CPU
		{D6830A1F-42D0-4664-A9E8-9988CC117FD8}.Release|Any CPU.Build.0 = Release|Any CPU
	EndGlobalSection
	GlobalSection(SolutionProperties) = preSolution
		HideSolutionNode = FALSE
	EndGlobalSection
	GlobalSection(ExtensibilityGlobals) = postSolution
		SolutionGuid = {9284DD23-83BC-4B47-BD2F-ACC58D4239EF}
	EndGlobalSection
EndGlobal
